
Microsoft Visual Studio Solution File, Format Version 12.00
# Visual Studio Version 17
VisualStudioVersion = 17.0.31717.71
MinimumVisualStudioVersion = 10.0.40219.1
Project("{FAE04EC0-301F-11D3-BF4B-00C04F79EFBC}") = "Project_12_1_4", "Project_12_1_4\Project_12_1_4.csproj", "{A8647DA8-0AF4-4FF4-B625-DD16A054D810}"
EndProject
Global
	GlobalSection(SolutionConfigurationPlatforms) = preSolution
		Debug|Any CPU = Debug|Any CPU
		Release|Any CPU = Release|Any CPU
	EndGlobalSection
	GlobalSection(ProjectConfigurationPlatforms) = postSolution
		{A8647DA8-0AF4-4FF4-B625-DD16A054D810}.Debug|Any CPU.ActiveCfg = Debug|Any CPU
		{A8647DA8-0AF4-4FF4-B625-DD16A054D810}.Debug|Any CPU.Build.0 = Debug|Any CPU
		{A8647DA8-0AF4-4FF4-B625-DD16A054D810}.Release|Any CPU.ActiveCfg = Release|Any CPU
		{A8647DA8-0AF4-4FF4-B625-DD16A054D810}.Release|Any CPU.Build.0 = Release|Any CPU
	EndGlobalSection
	GlobalSection(SolutionProperties) = preSolution
		HideSolutionNode = FALSE
	EndGlobalSection
	GlobalSection(ExtensibilityGlobals) = postSolution
		SolutionGuid = {81B02B61-6050-4DCA-907D-E01D88519DE2}
	EndGlobalSection
EndGlobal
